
Microsoft Visual Studio Solution File, Format Version 12.00
# Visual Studio Version 17
VisualStudioVersion = 17.14.36414.22 d17.14
MinimumVisualStudioVersion = 10.0.40219.1
Project("{FAE04EC0-301F-11D3-BF4B-00C04F79EFBC}") = "Naming", "Naming\Naming.csproj", "{7BE053D5-B339-4751-A8C4-A5CF264A2104}"
EndProject
Global
	GlobalSection(SolutionConfigurationPlatforms) = preSolution
		Debug|Any CPU = Debug|Any CPU
		Release|Any CPU = Release|Any CPU
	EndGlobalSection
	GlobalSection(ProjectConfigurationPlatforms) = postSolution
		{7BE053D5-B339-4751-A8C4-A5CF264A2104}.Debug|Any CPU.ActiveCfg = Debug|Any CPU
		{7BE053D5-B339-4751-A8C4-A5CF264A2104}.Debug|Any CPU.Build.0 = Debug|Any CPU
		{7BE053D5-B339-4751-A8C4-A5CF264A2104}.Release|Any CPU.ActiveCfg = Release|Any CPU
		{7BE053D5-B339-4751-A8C4-A5CF264A2104}.Release|Any CPU.Build.0 = Release|Any CPU
	EndGlobalSection
	GlobalSection(SolutionProperties) = preSolution
		HideSolutionNode = FALSE
	EndGlobalSection
	GlobalSection(ExtensibilityGlobals) = postSolution
		SolutionGuid = {DFD95420-2B59-405F-9D3E-3AF333BA6D71}
	EndGlobalSection
EndGlobal
