
Microsoft Visual Studio Solution File, Format Version 12.00
# Visual Studio Version 17
VisualStudioVersion = 17.14.36414.22 d17.14
MinimumVisualStudioVersion = 10.0.40219.1
Project("{FAE04EC0-301F-11D3-BF4B-00C04F79EFBC}") = "SingleResponsibility", "SingleResponsibility\SingleResponsibility.csproj", "{99384026-8EB9-4881-A511-14F593672C55}"
EndProject
Project("{FAE04EC0-301F-11D3-BF4B-00C04F79EFBC}") = "OpenClosed", "OpenClosed\OpenClosed.csproj", "{B0FB22CD-80B3-4E08-819F-1B27FE55AE8C}"
EndProject
Project("{FAE04EC0-301F-11D3-BF4B-00C04F79EFBC}") = "LiskovSubstution", "LiskovSubstution\LiskovSubstution.csproj", "{16C4C49D-B97C-4DE1-BA67-38ADFC6E1B00}"
EndProject
Project("{FAE04EC0-301F-11D3-BF4B-00C04F79EFBC}") = "InterfaceSegregation", "InterfaceSegregation\InterfaceSegregation.csproj", "{F2672E2F-FC58-44EB-8437-CBC789A30B0F}"
EndProject
Global
	GlobalSection(SolutionConfigurationPlatforms) = preSolution
		Debug|Any CPU = Debug|Any CPU
		Release|Any CPU = Release|Any CPU
	EndGlobalSection
	GlobalSection(ProjectConfigurationPlatforms) = postSolution
		{99384026-8EB9-4881-A511-14F593672C55}.Debug|Any CPU.ActiveCfg = Debug|Any CPU
		{99384026-8EB9-4881-A511-14F593672C55}.Debug|Any CPU.Build.0 = Debug|Any CPU
		{99384026-8EB9-4881-A511-14F593672C55}.Release|Any CPU.ActiveCfg = Release|Any CPU
		{99384026-8EB9-4881-A511-14F593672C55}.Release|Any CPU.Build.0 = Release|Any CPU
		{B0FB22CD-80B3-4E08-819F-1B27FE55AE8C}.Debug|Any CPU.ActiveCfg = Debug|Any CPU
		{B0FB22CD-80B3-4E08-819F-1B27FE55AE8C}.Debug|Any CPU.Build.0 = Debug|Any CPU
		{B0FB22CD-80B3-4E08-819F-1B27FE55AE8C}.Release|Any CPU.ActiveCfg = Release|Any CPU
		{B0FB22CD-80B3-4E08-819F-1B27FE55AE8C}.Release|Any CPU.Build.0 = Release|Any CPU
		{16C4C49D-B97C-4DE1-BA67-38ADFC6E1B00}.Debug|Any CPU.ActiveCfg = Debug|Any CPU
		{16C4C49D-B97C-4DE1-BA67-38ADFC6E1B00}.Debug|Any CPU.Build.0 = Debug|Any CPU
		{16C4C49D-B97C-4DE1-BA67-38ADFC6E1B00}.Release|Any CPU.ActiveCfg = Release|Any CPU
		{16C4C49D-B97C-4DE1-BA67-38ADFC6E1B00}.Release|Any CPU.Build.0 = Release|Any CPU
		{F2672E2F-FC58-44EB-8437-CBC789A30B0F}.Debug|Any CPU.ActiveCfg = Debug|Any CPU
		{F2672E2F-FC58-44EB-8437-CBC789A30B0F}.Debug|Any CPU.Build.0 = Debug|Any CPU
		{F2672E2F-FC58-44EB-8437-CBC789A30B0F}.Release|Any CPU.ActiveCfg = Release|Any CPU
		{F2672E2F-FC58-44EB-8437-CBC789A30B0F}.Release|Any CPU.Build.0 = Release|Any CPU
	EndGlobalSection
	GlobalSection(SolutionProperties) = preSolution
		HideSolutionNode = FALSE
	EndGlobalSection
	GlobalSection(ExtensibilityGlobals) = postSolution
		SolutionGuid = {D6C0D6AB-9B03-4049-9C2B-1AD4226FB69E}
	EndGlobalSection
EndGlobal
